
Microsoft Visual Studio Solution File, Format Version 12.00
# Visual Studio Version 17
VisualStudioVersion = 17.8.34316.72
MinimumVisualStudioVersion = 10.0.40219.1
Project("{2150E333-8FDC-42A3-9474-1A3956D46DE8}") = "src", "src", "{22A35968-9BDD-4E15-8E2F-9954725B4200}"
EndProject
Project("{9A19103F-16F7-4668-BE54-9A1E7A4F7556}") = "Domain", "src\Domain\Domain.csproj", "{0317DCD3-4AF3-40EE-98E7-F06715A5196F}"
EndProject
Project("{9A19103F-16F7-4668-BE54-9A1E7A4F7556}") = "Application", "src\Application\Application.csproj", "{A643E841-3CDE-45F6-B1D0-40817F053E08}"
EndProject
Project("{9A19103F-16F7-4668-BE54-9A1E7A4F7556}") = "Infrastructure", "src\Infrastructure\Infrastructure.csproj", "{6CD240C0-657D-48C8-979E-BE983578828E}"
EndProject
Project("{9A19103F-16F7-4668-BE54-9A1E7A4F7556}") = "Web", "src\Web\Web.csproj", "{C862B05D-5085-458C-9C23-4A28ABC9E478}"
EndProject
Project("{2150E333-8FDC-42A3-9474-1A3956D46DE8}") = "tests", "tests", "{DAB72A7E-5928-4375-8A36-02554637A734}"
EndProject
Project("{9A19103F-16F7-4668-BE54-9A1E7A4F7556}") = "Web.Test", "tests\Web.Test\Web.Test.csproj", "{462158E6-44D6-4435-B6F9-CAF93216324F}"
EndProject
Global
	GlobalSection(SolutionConfigurationPlatforms) = preSolution
		Debug|Any CPU = Debug|Any CPU
		Release|Any CPU = Release|Any CPU
	EndGlobalSection
	GlobalSection(ProjectConfigurationPlatforms) = postSolution
		{0317DCD3-4AF3-40EE-98E7-F06715A5196F}.Debug|Any CPU.ActiveCfg = Debug|Any CPU
		{0317DCD3-4AF3-40EE-98E7-F06715A5196F}.Debug|Any CPU.Build.0 = Debug|Any CPU
		{0317DCD3-4AF3-40EE-98E7-F06715A5196F}.Release|Any CPU.ActiveCfg = Release|Any CPU
		{0317DCD3-4AF3-40EE-98E7-F06715A5196F}.Release|Any CPU.Build.0 = Release|Any CPU
		{A643E841-3CDE-45F6-B1D0-40817F053E08}.Debug|Any CPU.ActiveCfg = Debug|Any CPU
		{A643E841-3CDE-45F6-B1D0-40817F053E08}.Debug|Any CPU.Build.0 = Debug|Any CPU
		{A643E841-3CDE-45F6-B1D0-40817F053E08}.Release|Any CPU.ActiveCfg = Release|Any CPU
		{A643E841-3CDE-45F6-B1D0-40817F053E08}.Release|Any CPU.Build.0 = Release|Any CPU
		{6CD240C0-657D-48C8-979E-BE983578828E}.Debug|Any CPU.ActiveCfg = Debug|Any CPU
		{6CD240C0-657D-48C8-979E-BE983578828E}.Debug|Any CPU.Build.0 = Debug|Any CPU
		{6CD240C0-657D-48C8-979E-BE983578828E}.Release|Any CPU.ActiveCfg = Release|Any CPU
		{6CD240C0-657D-48C8-979E-BE983578828E}.Release|Any CPU.Build.0 = Release|Any CPU
		{C862B05D-5085-458C-9C23-4A28ABC9E478}.Debug|Any CPU.ActiveCfg = Debug|Any CPU
		{C862B05D-5085-458C-9C23-4A28ABC9E478}.Debug|Any CPU.Build.0 = Debug|Any CPU
		{C862B05D-5085-458C-9C23-4A28ABC9E478}.Release|Any CPU.ActiveCfg = Release|Any CPU
		{C862B05D-5085-458C-9C23-4A28ABC9E478}.Release|Any CPU.Build.0 = Release|Any CPU
		{462158E6-44D6-4435-B6F9-CAF93216324F}.Debug|Any CPU.ActiveCfg = Debug|Any CPU
		{462158E6-44D6-4435-B6F9-CAF93216324F}.Debug|Any CPU.Build.0 = Debug|Any CPU
		{462158E6-44D6-4435-B6F9-CAF93216324F}.Release|Any CPU.ActiveCfg = Release|Any CPU
		{462158E6-44D6-4435-B6F9-CAF93216324F}.Release|Any CPU.Build.0 = Release|Any CPU
	EndGlobalSection
	GlobalSection(SolutionProperties) = preSolution
		HideSolutionNode = FALSE
	EndGlobalSection
	GlobalSection(NestedProjects) = preSolution
		{0317DCD3-4AF3-40EE-98E7-F06715A5196F} = {22A35968-9BDD-4E15-8E2F-9954725B4200}
		{A643E841-3CDE-45F6-B1D0-40817F053E08} = {22A35968-9BDD-4E15-8E2F-9954725B4200}
		{6CD240C0-657D-48C8-979E-BE983578828E} = {22A35968-9BDD-4E15-8E2F-9954725B4200}
		{C862B05D-5085-458C-9C23-4A28ABC9E478} = {22A35968-9BDD-4E15-8E2F-9954725B4200}
		{462158E6-44D6-4435-B6F9-CAF93216324F} = {DAB72A7E-5928-4375-8A36-02554637A734}
	EndGlobalSection
	GlobalSection(ExtensibilityGlobals) = postSolution
		SolutionGuid = {0FF0BEE1-F77E-45B2-9AFA-DD394D8F2286}
	EndGlobalSection
EndGlobal
