
Microsoft Visual Studio Solution File, Format Version 12.00
# Visual Studio Version 17
VisualStudioVersion = 17.8.34316.72
MinimumVisualStudioVersion = 10.0.40219.1
Project("{9A19103F-16F7-4668-BE54-9A1E7A4F7556}") = "Facturador", "Facturador\Facturador.csproj", "{C862B05D-5085-458C-9C23-4A28ABC9E478}"
EndProject
Project("{9A19103F-16F7-4668-BE54-9A1E7A4F7556}") = "Facturador.Test", "Facturador.Test\Facturador.Test.csproj", "{462158E6-44D6-4435-B6F9-CAF93216324F}"
EndProject
Project("{2150E333-8FDC-42A3-9474-1A3956D46DE8}") = "Elementos de la solución", "Elementos de la solución", "{692748FC-4CFF-49A9-B2E7-79F845EF6F72}"
	ProjectSection(SolutionItems) = preProject
		.gitignore = .gitignore
	EndProjectSection
EndProject
Global
	GlobalSection(SolutionConfigurationPlatforms) = preSolution
		Debug|Any CPU = Debug|Any CPU
		Release|Any CPU = Release|Any CPU
	EndGlobalSection
	GlobalSection(ProjectConfigurationPlatforms) = postSolution
		{C862B05D-5085-458C-9C23-4A28ABC9E478}.Debug|Any CPU.ActiveCfg = Debug|Any CPU
		{C862B05D-5085-458C-9C23-4A28ABC9E478}.Debug|Any CPU.Build.0 = Debug|Any CPU
		{C862B05D-5085-458C-9C23-4A28ABC9E478}.Release|Any CPU.ActiveCfg = Release|Any CPU
		{C862B05D-5085-458C-9C23-4A28ABC9E478}.Release|Any CPU.Build.0 = Release|Any CPU
		{462158E6-44D6-4435-B6F9-CAF93216324F}.Debug|Any CPU.ActiveCfg = Debug|Any CPU
		{462158E6-44D6-4435-B6F9-CAF93216324F}.Debug|Any CPU.Build.0 = Debug|Any CPU
		{462158E6-44D6-4435-B6F9-CAF93216324F}.Release|Any CPU.ActiveCfg = Release|Any CPU
		{462158E6-44D6-4435-B6F9-CAF93216324F}.Release|Any CPU.Build.0 = Release|Any CPU
	EndGlobalSection
	GlobalSection(SolutionProperties) = preSolution
		HideSolutionNode = FALSE
	EndGlobalSection
	GlobalSection(ExtensibilityGlobals) = postSolution
		SolutionGuid = {0FF0BEE1-F77E-45B2-9AFA-DD394D8F2286}
	EndGlobalSection
EndGlobal
